
Microsoft Visual Studio Solution File, Format Version 12.00
# Visual Studio 14
VisualStudioVersion = 14.0.25420.1
MinimumVisualStudioVersion = 10.0.40219.1
Project("{FAE04EC0-301F-11D3-BF4B-00C04F79EFBC}") = "SLSInvoicer", "SLSInvoicer\SLSInvoicer.csproj", "{930E2CF1-C559-4B7A-B338-DD894DBAFD03}"
EndProject
Project("{FAE04EC0-301F-11D3-BF4B-00C04F79EFBC}") = "SLSInvoicerTest", "SLSInvoicerTest\SLSInvoicerTest.csproj", "{26D8F122-0041-461E-8BD7-513DABA7DBD9}"
EndProject
Global
	GlobalSection(SolutionConfigurationPlatforms) = preSolution
		Debug|Any CPU = Debug|Any CPU
		Release|Any CPU = Release|Any CPU
	EndGlobalSection
	GlobalSection(ProjectConfigurationPlatforms) = postSolution
		{930E2CF1-C559-4B7A-B338-DD894DBAFD03}.Debug|Any CPU.ActiveCfg = Debug|Any CPU
		{930E2CF1-C559-4B7A-B338-DD894DBAFD03}.Debug|Any CPU.Build.0 = Debug|Any CPU
		{930E2CF1-C559-4B7A-B338-DD894DBAFD03}.Release|Any CPU.ActiveCfg = Release|Any CPU
		{930E2CF1-C559-4B7A-B338-DD894DBAFD03}.Release|Any CPU.Build.0 = Release|Any CPU
		{26D8F122-0041-461E-8BD7-513DABA7DBD9}.Debug|Any CPU.ActiveCfg = Debug|Any CPU
		{26D8F122-0041-461E-8BD7-513DABA7DBD9}.Debug|Any CPU.Build.0 = Debug|Any CPU
		{26D8F122-0041-461E-8BD7-513DABA7DBD9}.Release|Any CPU.ActiveCfg = Release|Any CPU
		{26D8F122-0041-461E-8BD7-513DABA7DBD9}.Release|Any CPU.Build.0 = Release|Any CPU
	EndGlobalSection
	GlobalSection(SolutionProperties) = preSolution
		HideSolutionNode = FALSE
	EndGlobalSection
EndGlobal
